
Microsoft Visual Studio Solution File, Format Version 12.00
# Visual Studio Version 17
VisualStudioVersion = 17.13.35825.156 d17.13
MinimumVisualStudioVersion = 10.0.40219.1
Project("{FAE04EC0-301F-11D3-BF4B-00C04F79EFBC}") = "WindowsFormsApp1", "WindowsFormsApp1\WindowsFormsApp1.csproj", "{EA4BE05F-22E9-4116-9860-8FED19F19B6A}"
EndProject
Global
	GlobalSection(SolutionConfigurationPlatforms) = preSolution
		Debug|Any CPU = Debug|Any CPU
		Release|Any CPU = Release|Any CPU
	EndGlobalSection
	GlobalSection(ProjectConfigurationPlatforms) = postSolution
		{EA4BE05F-22E9-4116-9860-8FED19F19B6A}.Debug|Any CPU.ActiveCfg = Debug|Any CPU
		{EA4BE05F-22E9-4116-9860-8FED19F19B6A}.Debug|Any CPU.Build.0 = Debug|Any CPU
		{EA4BE05F-22E9-4116-9860-8FED19F19B6A}.Release|Any CPU.ActiveCfg = Release|Any CPU
		{EA4BE05F-22E9-4116-9860-8FED19F19B6A}.Release|Any CPU.Build.0 = Release|Any CPU
	EndGlobalSection
	GlobalSection(SolutionProperties) = preSolution
		HideSolutionNode = FALSE
	EndGlobalSection
	GlobalSection(ExtensibilityGlobals) = postSolution
		SolutionGuid = {4777FD7B-4314-426E-8F60-5DBEAE32FFB0}
	EndGlobalSection
EndGlobal
